<?xml version="1.0" encoding="utf-8"?>
<Project ToolsVersion="4.0" xmlns="http://schemas.microsoft.com/developer/msbuild/2003">
  <ItemGroup>
    <Filter Include="Source Files">
      <UniqueIdentifier>{4FC737F1-C7A5-4376-A066-2A32D752A2FF}</UniqueIdentifier>
      <Extensions>cpp;c;cc;cxx;def;odl;idl;hpj;bat;asm;asmx</Extensions>
    </Filter>
    <Filter Include="Header Files">
      <UniqueIdentifier>{93995380-89BD-4b04-88EB-625FBE52EBFB}</UniqueIdentifier>
      <Extensions>h;hh;hpp;hxx;hm;inl;inc;xsd</Extensions>
    </Filter>
    <Filter Include="Resource Files">
      <UniqueIdentifier>{67DA6AB6-F800-4c08-8B7A-83BB121AAD01}</UniqueIdentifier>
      <Extensions>rc;ico;cur;bmp;dlg;rc2;rct;bin;rgs;gif;jpg;jpeg;jpe;resx;tiff;tif;png;wav;mfcribbon-ms</Extensions>
    </Filter>
    <Filter Include="Object">
      <UniqueIdentifier>{e4c5278c-c323-40a2-a111-59e5757af525}</UniqueIdentifier>
    </Filter>
    <Filter Include="Object\Simon">
      <UniqueIdentifier>{de173115-7443-4180-bb96-308db5aeee7c}</UniqueIdentifier>
    </Filter>
    <Filter Include="Object\Weapon">
      <UniqueIdentifier>{7c02400d-d007-423b-bbf2-53a59fd154d1}</UniqueIdentifier>
    </Filter>
    <Filter Include="Display">
      <UniqueIdentifier>{58acd341-bb8a-4a0e-ae3f-c734e0f953f8}</UniqueIdentifier>
    </Filter>
    <Filter Include="Display\Sprite">
      <UniqueIdentifier>{a3995d71-f4b4-4bd2-93f7-69df377c92b1}</UniqueIdentifier>
    </Filter>
    <Filter Include="Menu">
      <UniqueIdentifier>{ee56a95b-28ce-4d43-a473-7b3de22a4cc4}</UniqueIdentifier>
    </Filter>
    <Filter Include="main">
      <UniqueIdentifier>{5b7da598-475a-4683-82af-bf164f5ce5de}</UniqueIdentifier>
    </Filter>
    <Filter Include="Object\Static">
      <UniqueIdentifier>{d47f37a0-1ed8-4be2-8505-a838919b102f}</UniqueIdentifier>
    </Filter>
    <Filter Include="Object\Enemy">
      <UniqueIdentifier>{8c61d220-2f6c-46d4-9466-3351e8694ecf}</UniqueIdentifier>
    </Filter>
    <Filter Include="Quadtree">
      <UniqueIdentifier>{6f429429-681f-4f5e-a2f8-6f182e011821}</UniqueIdentifier>
    </Filter>
    <Filter Include="Board">
      <UniqueIdentifier>{a1f089d6-69bb-4133-8816-1cca42e082a9}</UniqueIdentifier>
    </Filter>
    <Filter Include="Sound">
      <UniqueIdentifier>{6f19c371-af51-464c-8c74-508b954be635}</UniqueIdentifier>
    </Filter>
    <Filter Include="Object\IntroObject">
      <UniqueIdentifier>{fd653c44-b994-41b5-ae01-54c436d0945f}</UniqueIdentifier>
    </Filter>
  </ItemGroup>
  <ItemGroup>
    <ClInclude Include="Point.h">
      <Filter>Header Files</Filter>
    </ClInclude>
    <ClInclude Include="Collision.h">
      <Filter>Header Files</Filter>
    </ClInclude>
    <ClInclude Include="DXManager.h">
      <Filter>Header Files</Filter>
    </ClInclude>
    <ClInclude Include="GameTime.h">
      <Filter>Header Files</Filter>
    </ClInclude>
    <ClInclude Include="Keyboard.h">
      <Filter>Header Files</Filter>
    </ClInclude>
    <ClInclude Include="Rect.h">
      <Filter>Header Files</Filter>
    </ClInclude>
    <ClInclude Include="SimonCharacter.h">
      <Filter>Object\Simon</Filter>
    </ClInclude>
    <ClInclude Include="SubWeapon.h">
      <Filter>Object\Weapon</Filter>
    </ClInclude>
    <ClInclude Include="Whip.h">
      <Filter>Object\Weapon</Filter>
    </ClInclude>
    <ClInclude Include="StaticObject.h">
      <Filter>Object</Filter>
    </ClInclude>
    <ClInclude Include="BaseObject.h">
      <Filter>Object</Filter>
    </ClInclude>
    <ClInclude Include="MovableObject.h">
      <Filter>Object</Filter>
    </ClInclude>
    <ClInclude Include="Camera.h">
      <Filter>Display</Filter>
    </ClInclude>
    <ClInclude Include="Map.h">
      <Filter>Display</Filter>
    </ClInclude>
    <ClInclude Include="SpriteManager.h">
      <Filter>Display\Sprite</Filter>
    </ClInclude>
    <ClInclude Include="Sprite.h">
      <Filter>Display\Sprite</Filter>
    </ClInclude>
    <ClInclude Include="Animation.h">
      <Filter>Display\Sprite</Filter>
    </ClInclude>
    <ClInclude Include="Menu.h">
      <Filter>Menu</Filter>
    </ClInclude>
    <ClInclude Include="MenuCastle.h">
      <Filter>Menu</Filter>
    </ClInclude>
    <ClInclude Include="CastleVania.h">
      <Filter>main</Filter>
    </ClInclude>
    <ClInclude Include="Ground.h">
      <Filter>Object\Static</Filter>
    </ClInclude>
    <ClInclude Include="Stair.h">
      <Filter>Object\Static</Filter>
    </ClInclude>
    <ClInclude Include="Enemy.h">
      <Filter>Object\Enemy</Filter>
    </ClInclude>
    <ClInclude Include="QuadNode.h">
      <Filter>Quadtree</Filter>
    </ClInclude>
    <ClInclude Include="Quadtree.h">
      <Filter>Quadtree</Filter>
    </ClInclude>
    <ClInclude Include="SpearGuard.h">
      <Filter>Object\Enemy</Filter>
    </ClInclude>
    <ClInclude Include="Door.h">
      <Filter>Object\Static</Filter>
    </ClInclude>
    <ClInclude Include="Paddle.h">
      <Filter>Object\Static</Filter>
    </ClInclude>
    <ClInclude Include="Board.h">
      <Filter>Board</Filter>
    </ClInclude>
    <ClInclude Include="SimonHealthBar.h">
      <Filter>Board</Filter>
    </ClInclude>
    <ClInclude Include="SubWeaponBar.h">
      <Filter>Board</Filter>
    </ClInclude>
    <ClInclude Include="NumberChar.h">
      <Filter>Board</Filter>
    </ClInclude>
    <ClInclude Include="Number.h">
      <Filter>Board</Filter>
    </ClInclude>
    <ClInclude Include="ItemObject.h">
      <Filter>Object</Filter>
    </ClInclude>
    <ClInclude Include="Brick.h">
      <Filter>Object\Static</Filter>
    </ClInclude>
    <ClInclude Include="dxaudio.h">
      <Filter>Sound</Filter>
    </ClInclude>
    <ClInclude Include="soundResources.h">
      <Filter>Sound</Filter>
    </ClInclude>
    <ClInclude Include="Bat.h">
      <Filter>Object\Enemy</Filter>
    </ClInclude>
    <ClInclude Include="BonePillar.h">
      <Filter>Object\Enemy</Filter>
    </ClInclude>
    <ClInclude Include="Ghost.h">
      <Filter>Object\Enemy</Filter>
    </ClInclude>
    <ClInclude Include="MedusaHead.h">
      <Filter>Object\Enemy</Filter>
    </ClInclude>
    <ClInclude Include="Bullet.h">
      <Filter>Object\Enemy</Filter>
    </ClInclude>
    <ClInclude Include="BossMedusa.h">
      <Filter>Object\Enemy</Filter>
    </ClInclude>
    <ClInclude Include="Snake.h">
      <Filter>Object\Enemy</Filter>
    </ClInclude>
    <ClInclude Include="BossHealthBar.h">
      <Filter>Board</Filter>
    </ClInclude>
    <ClInclude Include="IntroBat.h">
      <Filter>Object\IntroObject</Filter>
    </ClInclude>
    <ClInclude Include="IntroHelicopter.h">
      <Filter>Object\IntroObject</Filter>
    </ClInclude>
    <ClInclude Include="MultipleShotBar.h">
      <Filter>Board</Filter>
    </ClInclude>
  </ItemGroup>
  <ItemGroup>
    <ClCompile Include="Point.cpp">
      <Filter>Source Files</Filter>
    </ClCompile>
    <ClCompile Include="Collision.cpp">
      <Filter>Source Files</Filter>
    </ClCompile>
    <ClCompile Include="DXManager.cpp">
      <Filter>Source Files</Filter>
    </ClCompile>
    <ClCompile Include="GameTime.cpp">
      <Filter>Source Files</Filter>
    </ClCompile>
    <ClCompile Include="Keyboard.cpp">
      <Filter>Source Files</Filter>
    </ClCompile>
    <ClCompile Include="Rect.cpp">
      <Filter>Source Files</Filter>
    </ClCompile>
    <ClCompile Include="SimonCharacter.cpp">
      <Filter>Object\Simon</Filter>
    </ClCompile>
    <ClCompile Include="Whip.cpp">
      <Filter>Object\Weapon</Filter>
    </ClCompile>
    <ClCompile Include="SubWeapon.cpp">
      <Filter>Object\Weapon</Filter>
    </ClCompile>
    <ClCompile Include="StaticObject.cpp">
      <Filter>Object</Filter>
    </ClCompile>
    <ClCompile Include="MovableObject.cpp">
      <Filter>Object</Filter>
    </ClCompile>
    <ClCompile Include="BaseObject.cpp">
      <Filter>Object</Filter>
    </ClCompile>
    <ClCompile Include="Camera.cpp">
      <Filter>Display</Filter>
    </ClCompile>
    <ClCompile Include="Map.cpp">
      <Filter>Display</Filter>
    </ClCompile>
    <ClCompile Include="Sprite.cpp">
      <Filter>Display\Sprite</Filter>
    </ClCompile>
    <ClCompile Include="SpriteManager.cpp">
      <Filter>Display\Sprite</Filter>
    </ClCompile>
    <ClCompile Include="Animation.cpp">
      <Filter>Display\Sprite</Filter>
    </ClCompile>
    <ClCompile Include="Menu.cpp">
      <Filter>Menu</Filter>
    </ClCompile>
    <ClCompile Include="MenuCastle.cpp">
      <Filter>Menu</Filter>
    </ClCompile>
    <ClCompile Include="CastleVania.cpp">
      <Filter>main</Filter>
    </ClCompile>
    <ClCompile Include="main.cpp">
      <Filter>main</Filter>
    </ClCompile>
    <ClCompile Include="Ground.cpp">
      <Filter>Object\Static</Filter>
    </ClCompile>
    <ClCompile Include="Stair.cpp">
      <Filter>Object\Static</Filter>
    </ClCompile>
    <ClCompile Include="Enemy.cpp">
      <Filter>Object\Enemy</Filter>
    </ClCompile>
    <ClCompile Include="Quadtree.cpp">
      <Filter>Quadtree</Filter>
    </ClCompile>
    <ClCompile Include="QuadNode.cpp">
      <Filter>Quadtree</Filter>
    </ClCompile>
    <ClCompile Include="SpearGuard.cpp">
      <Filter>Object\Enemy</Filter>
    </ClCompile>
    <ClCompile Include="Door.cpp">
      <Filter>Object\Static</Filter>
    </ClCompile>
    <ClCompile Include="Paddle.cpp">
      <Filter>Object\Static</Filter>
    </ClCompile>
    <ClCompile Include="Board.cpp">
      <Filter>Board</Filter>
    </ClCompile>
    <ClCompile Include="SimonHealthBar.cpp">
      <Filter>Board</Filter>
    </ClCompile>
    <ClCompile Include="SubWeaponBar.cpp">
      <Filter>Board</Filter>
    </ClCompile>
    <ClCompile Include="NumberChar.cpp">
      <Filter>Board</Filter>
    </ClCompile>
    <ClCompile Include="Number.cpp">
      <Filter>Board</Filter>
    </ClCompile>
    <ClCompile Include="ItemObject.cpp">
      <Filter>Object</Filter>
    </ClCompile>
    <ClCompile Include="Brick.cpp">
      <Filter>Object\Static</Filter>
    </ClCompile>
    <ClCompile Include="dxaudio.cpp">
      <Filter>Sound</Filter>
    </ClCompile>
    <ClCompile Include="soundResources.cpp">
      <Filter>Sound</Filter>
    </ClCompile>
    <ClCompile Include="Bat.cpp">
      <Filter>Object\Enemy</Filter>
    </ClCompile>
    <ClCompile Include="BonePillar.cpp">
      <Filter>Object\Enemy</Filter>
    </ClCompile>
    <ClCompile Include="Ghost.cpp">
      <Filter>Object\Enemy</Filter>
    </ClCompile>
    <ClCompile Include="MedusaHead.cpp">
      <Filter>Object\Enemy</Filter>
    </ClCompile>
    <ClCompile Include="Bullet.cpp">
      <Filter>Object\Enemy</Filter>
    </ClCompile>
    <ClCompile Include="BossMedusa.cpp">
      <Filter>Object\Enemy</Filter>
    </ClCompile>
    <ClCompile Include="Snake.cpp">
      <Filter>Object\Enemy</Filter>
    </ClCompile>
    <ClCompile Include="BossHealthBar.cpp">
      <Filter>Board</Filter>
    </ClCompile>
    <ClCompile Include="IntroBat.cpp">
      <Filter>Object\IntroObject</Filter>
    </ClCompile>
    <ClCompile Include="IntroHelicopter.cpp">
      <Filter>Object\IntroObject</Filter>
    </ClCompile>
    <ClCompile Include="MultipleShotBar.cpp">
      <Filter>Board</Filter>
    </ClCompile>
  </ItemGroup>
</Project>